
Microsoft Visual Studio Solution File, Format Version 12.00
# Visual Studio 15
VisualStudioVersion = 15.0.26124.0
MinimumVisualStudioVersion = 15.0.26124.0
Project("{2150E333-8FDC-42A3-9474-1A3956D46DE8}") = "src", "src", "{3F36BD2A-E6D9-49FB-8238-413F9B0E6C7E}"
EndProject
Project("{FAE04EC0-301F-11D3-BF4B-00C04F79EFBC}") = "Api", "src\Api\Api.csproj", "{2A196895-206B-41A2-8B52-21297A92D504}"
EndProject
Project("{FAE04EC0-301F-11D3-BF4B-00C04F79EFBC}") = "Models", "src\Models\Models.csproj", "{BBE48363-41B0-4050-9061-891C3C27298F}"
EndProject
Project("{FAE04EC0-301F-11D3-BF4B-00C04F79EFBC}") = "Repository", "src\Repository\Repository.csproj", "{B7FB75F4-C589-4D45-A9B5-1EBC57F83800}"
EndProject
Project("{FAE04EC0-301F-11D3-BF4B-00C04F79EFBC}") = "Services", "src\Services\Services.csproj", "{2C06FECB-A075-4E20-972F-3B08E7331433}"
EndProject
Project("{2150E333-8FDC-42A3-9474-1A3956D46DE8}") = "tests", "tests", "{AD1AD594-E8D0-487F-9018-1B74EDD96E5B}"
EndProject
Project("{FAE04EC0-301F-11D3-BF4B-00C04F79EFBC}") = "ModelsTest", "tests\ModelsTest\ModelsTest.csproj", "{4F6CDD74-D261-4D7D-8196-4BE25164F3E3}"
EndProject
Project("{FAE04EC0-301F-11D3-BF4B-00C04F79EFBC}") = "ServicesTest", "tests\ServicesTest\ServicesTest.csproj", "{6E797A91-9BF9-4E16-B520-455349AC0FCB}"
EndProject
Global
	GlobalSection(SolutionConfigurationPlatforms) = preSolution
		Debug|Any CPU = Debug|Any CPU
		Debug|x64 = Debug|x64
		Debug|x86 = Debug|x86
		Release|Any CPU = Release|Any CPU
		Release|x64 = Release|x64
		Release|x86 = Release|x86
	EndGlobalSection
	GlobalSection(SolutionProperties) = preSolution
		HideSolutionNode = FALSE
	EndGlobalSection
	GlobalSection(ProjectConfigurationPlatforms) = postSolution
		{2A196895-206B-41A2-8B52-21297A92D504}.Debug|Any CPU.ActiveCfg = Debug|Any CPU
		{2A196895-206B-41A2-8B52-21297A92D504}.Debug|Any CPU.Build.0 = Debug|Any CPU
		{2A196895-206B-41A2-8B52-21297A92D504}.Debug|x64.ActiveCfg = Debug|Any CPU
		{2A196895-206B-41A2-8B52-21297A92D504}.Debug|x64.Build.0 = Debug|Any CPU
		{2A196895-206B-41A2-8B52-21297A92D504}.Debug|x86.ActiveCfg = Debug|Any CPU
		{2A196895-206B-41A2-8B52-21297A92D504}.Debug|x86.Build.0 = Debug|Any CPU
		{2A196895-206B-41A2-8B52-21297A92D504}.Release|Any CPU.ActiveCfg = Release|Any CPU
		{2A196895-206B-41A2-8B52-21297A92D504}.Release|Any CPU.Build.0 = Release|Any CPU
		{2A196895-206B-41A2-8B52-21297A92D504}.Release|x64.ActiveCfg = Release|Any CPU
		{2A196895-206B-41A2-8B52-21297A92D504}.Release|x64.Build.0 = Release|Any CPU
		{2A196895-206B-41A2-8B52-21297A92D504}.Release|x86.ActiveCfg = Release|Any CPU
		{2A196895-206B-41A2-8B52-21297A92D504}.Release|x86.Build.0 = Release|Any CPU
		{BBE48363-41B0-4050-9061-891C3C27298F}.Debug|Any CPU.ActiveCfg = Debug|Any CPU
		{BBE48363-41B0-4050-9061-891C3C27298F}.Debug|Any CPU.Build.0 = Debug|Any CPU
		{BBE48363-41B0-4050-9061-891C3C27298F}.Debug|x64.ActiveCfg = Debug|Any CPU
		{BBE48363-41B0-4050-9061-891C3C27298F}.Debug|x64.Build.0 = Debug|Any CPU
		{BBE48363-41B0-4050-9061-891C3C27298F}.Debug|x86.ActiveCfg = Debug|Any CPU
		{BBE48363-41B0-4050-9061-891C3C27298F}.Debug|x86.Build.0 = Debug|Any CPU
		{BBE48363-41B0-4050-9061-891C3C27298F}.Release|Any CPU.ActiveCfg = Release|Any CPU
		{BBE48363-41B0-4050-9061-891C3C27298F}.Release|Any CPU.Build.0 = Release|Any CPU
		{BBE48363-41B0-4050-9061-891C3C27298F}.Release|x64.ActiveCfg = Release|Any CPU
		{BBE48363-41B0-4050-9061-891C3C27298F}.Release|x64.Build.0 = Release|Any CPU
		{BBE48363-41B0-4050-9061-891C3C27298F}.Release|x86.ActiveCfg = Release|Any CPU
		{BBE48363-41B0-4050-9061-891C3C27298F}.Release|x86.Build.0 = Release|Any CPU
		{B7FB75F4-C589-4D45-A9B5-1EBC57F83800}.Debug|Any CPU.ActiveCfg = Debug|Any CPU
		{B7FB75F4-C589-4D45-A9B5-1EBC57F83800}.Debug|Any CPU.Build.0 = Debug|Any CPU
		{B7FB75F4-C589-4D45-A9B5-1EBC57F83800}.Debug|x64.ActiveCfg = Debug|Any CPU
		{B7FB75F4-C589-4D45-A9B5-1EBC57F83800}.Debug|x64.Build.0 = Debug|Any CPU
		{B7FB75F4-C589-4D45-A9B5-1EBC57F83800}.Debug|x86.ActiveCfg = Debug|Any CPU
		{B7FB75F4-C589-4D45-A9B5-1EBC57F83800}.Debug|x86.Build.0 = Debug|Any CPU
		{B7FB75F4-C589-4D45-A9B5-1EBC57F83800}.Release|Any CPU.ActiveCfg = Release|Any CPU
		{B7FB75F4-C589-4D45-A9B5-1EBC57F83800}.Release|Any CPU.Build.0 = Release|Any CPU
		{B7FB75F4-C589-4D45-A9B5-1EBC57F83800}.Release|x64.ActiveCfg = Release|Any CPU
		{B7FB75F4-C589-4D45-A9B5-1EBC57F83800}.Release|x64.Build.0 = Release|Any CPU
		{B7FB75F4-C589-4D45-A9B5-1EBC57F83800}.Release|x86.ActiveCfg = Release|Any CPU
		{B7FB75F4-C589-4D45-A9B5-1EBC57F83800}.Release|x86.Build.0 = Release|Any CPU
		{2C06FECB-A075-4E20-972F-3B08E7331433}.Debug|Any CPU.ActiveCfg = Debug|Any CPU
		{2C06FECB-A075-4E20-972F-3B08E7331433}.Debug|Any CPU.Build.0 = Debug|Any CPU
		{2C06FECB-A075-4E20-972F-3B08E7331433}.Debug|x64.ActiveCfg = Debug|Any CPU
		{2C06FECB-A075-4E20-972F-3B08E7331433}.Debug|x64.Build.0 = Debug|Any CPU
		{2C06FECB-A075-4E20-972F-3B08E7331433}.Debug|x86.ActiveCfg = Debug|Any CPU
		{2C06FECB-A075-4E20-972F-3B08E7331433}.Debug|x86.Build.0 = Debug|Any CPU
		{2C06FECB-A075-4E20-972F-3B08E7331433}.Release|Any CPU.ActiveCfg = Release|Any CPU
		{2C06FECB-A075-4E20-972F-3B08E7331433}.Release|Any CPU.Build.0 = Release|Any CPU
		{2C06FECB-A075-4E20-972F-3B08E7331433}.Release|x64.ActiveCfg = Release|Any CPU
		{2C06FECB-A075-4E20-972F-3B08E7331433}.Release|x64.Build.0 = Release|Any CPU
		{2C06FECB-A075-4E20-972F-3B08E7331433}.Release|x86.ActiveCfg = Release|Any CPU
		{2C06FECB-A075-4E20-972F-3B08E7331433}.Release|x86.Build.0 = Release|Any CPU
		{4F6CDD74-D261-4D7D-8196-4BE25164F3E3}.Debug|Any CPU.ActiveCfg = Debug|Any CPU
		{4F6CDD74-D261-4D7D-8196-4BE25164F3E3}.Debug|Any CPU.Build.0 = Debug|Any CPU
		{4F6CDD74-D261-4D7D-8196-4BE25164F3E3}.Debug|x64.ActiveCfg = Debug|Any CPU
		{4F6CDD74-D261-4D7D-8196-4BE25164F3E3}.Debug|x64.Build.0 = Debug|Any CPU
		{4F6CDD74-D261-4D7D-8196-4BE25164F3E3}.Debug|x86.ActiveCfg = Debug|Any CPU
		{4F6CDD74-D261-4D7D-8196-4BE25164F3E3}.Debug|x86.Build.0 = Debug|Any CPU
		{4F6CDD74-D261-4D7D-8196-4BE25164F3E3}.Release|Any CPU.ActiveCfg = Release|Any CPU
		{4F6CDD74-D261-4D7D-8196-4BE25164F3E3}.Release|Any CPU.Build.0 = Release|Any CPU
		{4F6CDD74-D261-4D7D-8196-4BE25164F3E3}.Release|x64.ActiveCfg = Release|Any CPU
		{4F6CDD74-D261-4D7D-8196-4BE25164F3E3}.Release|x64.Build.0 = Release|Any CPU
		{4F6CDD74-D261-4D7D-8196-4BE25164F3E3}.Release|x86.ActiveCfg = Release|Any CPU
		{4F6CDD74-D261-4D7D-8196-4BE25164F3E3}.Release|x86.Build.0 = Release|Any CPU
		{6E797A91-9BF9-4E16-B520-455349AC0FCB}.Debug|Any CPU.ActiveCfg = Debug|Any CPU
		{6E797A91-9BF9-4E16-B520-455349AC0FCB}.Debug|Any CPU.Build.0 = Debug|Any CPU
		{6E797A91-9BF9-4E16-B520-455349AC0FCB}.Debug|x64.ActiveCfg = Debug|Any CPU
		{6E797A91-9BF9-4E16-B520-455349AC0FCB}.Debug|x64.Build.0 = Debug|Any CPU
		{6E797A91-9BF9-4E16-B520-455349AC0FCB}.Debug|x86.ActiveCfg = Debug|Any CPU
		{6E797A91-9BF9-4E16-B520-455349AC0FCB}.Debug|x86.Build.0 = Debug|Any CPU
		{6E797A91-9BF9-4E16-B520-455349AC0FCB}.Release|Any CPU.ActiveCfg = Release|Any CPU
		{6E797A91-9BF9-4E16-B520-455349AC0FCB}.Release|Any CPU.Build.0 = Release|Any CPU
		{6E797A91-9BF9-4E16-B520-455349AC0FCB}.Release|x64.ActiveCfg = Release|Any CPU
		{6E797A91-9BF9-4E16-B520-455349AC0FCB}.Release|x64.Build.0 = Release|Any CPU
		{6E797A91-9BF9-4E16-B520-455349AC0FCB}.Release|x86.ActiveCfg = Release|Any CPU
		{6E797A91-9BF9-4E16-B520-455349AC0FCB}.Release|x86.Build.0 = Release|Any CPU
	EndGlobalSection
	GlobalSection(NestedProjects) = preSolution
		{2A196895-206B-41A2-8B52-21297A92D504} = {3F36BD2A-E6D9-49FB-8238-413F9B0E6C7E}
		{BBE48363-41B0-4050-9061-891C3C27298F} = {3F36BD2A-E6D9-49FB-8238-413F9B0E6C7E}
		{B7FB75F4-C589-4D45-A9B5-1EBC57F83800} = {3F36BD2A-E6D9-49FB-8238-413F9B0E6C7E}
		{2C06FECB-A075-4E20-972F-3B08E7331433} = {3F36BD2A-E6D9-49FB-8238-413F9B0E6C7E}
		{4F6CDD74-D261-4D7D-8196-4BE25164F3E3} = {AD1AD594-E8D0-487F-9018-1B74EDD96E5B}
		{6E797A91-9BF9-4E16-B520-455349AC0FCB} = {AD1AD594-E8D0-487F-9018-1B74EDD96E5B}
	EndGlobalSection
EndGlobal
